// !$*UTF8*$!
{
	archiveVersion = 1;
	classes = {
	};
	objectVersion = 56;
	objects = {

/* Begin PBXBuildFile section */
		90684DE729C774CB00897AB8 /* ThemeView.swift in Sources */ = {isa = PBXBuildFile; fileRef = 90684DE629C774CB00897AB8 /* ThemeView.swift */; };
		90684DE929C8D05000897AB8 /* ThemePickerView.swift in Sources */ = {isa = PBXBuildFile; fileRef = 90684DE829C8D05000897AB8 /* ThemePickerView.swift */; };
		90772AE029EECD9E00C9F5E5 /* NewSleepSheet.swift in Sources */ = {isa = PBXBuildFile; fileRef = 90772ADF29EECD9E00C9F5E5 /* NewSleepSheet.swift */; };
		907C997A2A0D385200EB07BC /* SleepStore.swift in Sources */ = {isa = PBXBuildFile; fileRef = 907C99792A0D385100EB07BC /* SleepStore.swift */; };
		90C0AAA629856AC40051E680 /* SleepHeaderView.swift in Sources */ = {isa = PBXBuildFile; fileRef = 90C0AAA529856AC40051E680 /* SleepHeaderView.swift */; };
		90C0AAA829856D130051E680 /* SleepFooterView.swift in Sources */ = {isa = PBXBuildFile; fileRef = 90C0AAA729856D130051E680 /* SleepFooterView.swift */; };
		90C0AAAA29857F010051E680 /* SleepDetailView.swift in Sources */ = {isa = PBXBuildFile; fileRef = 90C0AAA929857F010051E680 /* SleepDetailView.swift */; };
		90C0AAAC29882D9E0051E680 /* SleepEditView.swift in Sources */ = {isa = PBXBuildFile; fileRef = 90C0AAAB29882D9E0051E680 /* SleepEditView.swift */; };
		90C0DB612903E3C800613480 /* BabySleepDiaryApp.swift in Sources */ = {isa = PBXBuildFile; fileRef = 90C0DB602903E3C800613480 /* BabySleepDiaryApp.swift */; };
		90C0DB632903E3C800613480 /* SleepsView.swift in Sources */ = {isa = PBXBuildFile; fileRef = 90C0DB622903E3C800613480 /* SleepsView.swift */; };
		90C0DB652903E3CA00613480 /* Assets.xcassets in Resources */ = {isa = PBXBuildFile; fileRef = 90C0DB642903E3CA00613480 /* Assets.xcassets */; };
		90C0DB692903E3CA00613480 /* Preview Assets.xcassets in Resources */ = {isa = PBXBuildFile; fileRef = 90C0DB682903E3CA00613480 /* Preview Assets.xcassets */; };
		90C7D9292976E0D700A8955E /* Theme.swift in Sources */ = {isa = PBXBuildFile; fileRef = 90C7D9282976E0D700A8955E /* Theme.swift */; };
		90C7D92C2976E12500A8955E /* SleepCardView.swift in Sources */ = {isa = PBXBuildFile; fileRef = 90C7D92B2976E12500A8955E /* SleepCardView.swift */; };
		90ED9CFE2976DEBB00E37742 /* DailySleep.swift in Sources */ = {isa = PBXBuildFile; fileRef = 90ED9CFD2976DEBB00E37742 /* DailySleep.swift */; };
/* End PBXBuildFile section */

/* Begin PBXFileReference section */
		90684DE629C774CB00897AB8 /* ThemeView.swift */ = {isa = PBXFileReference; lastKnownFileType = sourcecode.swift; path = ThemeView.swift; sourceTree = "<group>"; };
		90684DE829C8D05000897AB8 /* ThemePickerView.swift */ = {isa = PBXFileReference; lastKnownFileType = sourcecode.swift; path = ThemePickerView.swift; sourceTree = "<group>"; };
		90772ADF29EECD9E00C9F5E5 /* NewSleepSheet.swift */ = {isa = PBXFileReference; lastKnownFileType = sourcecode.swift; path = NewSleepSheet.swift; sourceTree = "<group>"; };
		907C99792A0D385100EB07BC /* SleepStore.swift */ = {isa = PBXFileReference; lastKnownFileType = sourcecode.swift; path = SleepStore.swift; sourceTree = "<group>"; };
		90C0AAA529856AC40051E680 /* SleepHeaderView.swift */ = {isa = PBXFileReference; lastKnownFileType = sourcecode.swift; path = SleepHeaderView.swift; sourceTree = "<group>"; };
		90C0AAA729856D130051E680 /* SleepFooterView.swift */ = {isa = PBXFileReference; lastKnownFileType = sourcecode.swift; path = SleepFooterView.swift; sourceTree = "<group>"; };
		90C0AAA929857F010051E680 /* SleepDetailView.swift */ = {isa = PBXFileReference; lastKnownFileType = sourcecode.swift; path = SleepDetailView.swift; sourceTree = "<group>"; };
		90C0AAAB29882D9E0051E680 /* SleepEditView.swift */ = {isa = PBXFileReference; lastKnownFileType = sourcecode.swift; path = SleepEditView.swift; sourceTree = "<group>"; };
		90C0DB5D2903E3C800613480 /* BabySleepDiary.app */ = {isa = PBXFileReference; explicitFileType = wrapper.application; includeInIndex = 0; path = BabySleepDiary.app; sourceTree = BUILT_PRODUCTS_DIR; };
		90C0DB602903E3C800613480 /* BabySleepDiaryApp.swift */ = {isa = PBXFileReference; lastKnownFileType = sourcecode.swift; path = BabySleepDiaryApp.swift; sourceTree = "<group>"; };
		90C0DB622903E3C800613480 /* SleepsView.swift */ = {isa = PBXFileReference; lastKnownFileType = sourcecode.swift; path = SleepsView.swift; sourceTree = "<group>"; };
		90C0DB642903E3CA00613480 /* Assets.xcassets */ = {isa = PBXFileReference; lastKnownFileType = folder.assetcatalog; path = Assets.xcassets; sourceTree = "<group>"; };
		90C0DB662903E3CA00613480 /* BabySleepDiary.entitlements */ = {isa = PBXFileReference; lastKnownFileType = text.plist.entitlements; path = BabySleepDiary.entitlements; sourceTree = "<group>"; };
		90C0DB682903E3CA00613480 /* Preview Assets.xcassets */ = {isa = PBXFileReference; lastKnownFileType = folder.assetcatalog; path = "Preview Assets.xcassets"; sourceTree = "<group>"; };
		90C7D9282976E0D700A8955E /* Theme.swift */ = {isa = PBXFileReference; fileEncoding = 4; lastKnownFileType = sourcecode.swift; path = Theme.swift; sourceTree = "<group>"; };
		90C7D92B2976E12500A8955E /* SleepCardView.swift */ = {isa = PBXFileReference; lastKnownFileType = sourcecode.swift; path = SleepCardView.swift; sourceTree = "<group>"; usesTabs = 0; };
		90ED9CFD2976DEBB00E37742 /* DailySleep.swift */ = {isa = PBXFileReference; lastKnownFileType = sourcecode.swift; path = DailySleep.swift; sourceTree = "<group>"; };
/* End PBXFileReference section */

/* Begin PBXFrameworksBuildPhase section */
		90C0DB5A2903E3C800613480 /* Frameworks */ = {
			isa = PBXFrameworksBuildPhase;
			buildActionMask = 2147483647;
			files = (
			);
			runOnlyForDeploymentPostprocessing = 0;
		};
/* End PBXFrameworksBuildPhase section */

/* Begin PBXGroup section */
		90C0DB542903E3C800613480 = {
			isa = PBXGroup;
			children = (
				90C0DB5F2903E3C800613480 /* BabySleepDiary */,
				90C0DB5E2903E3C800613480 /* Products */,
			);
			sourceTree = "<group>";
		};
		90C0DB5E2903E3C800613480 /* Products */ = {
			isa = PBXGroup;
			children = (
				90C0DB5D2903E3C800613480 /* BabySleepDiary.app */,
			);
			name = Products;
			sourceTree = "<group>";
		};
		90C0DB5F2903E3C800613480 /* BabySleepDiary */ = {
			isa = PBXGroup;
			children = (
				90C0DB602903E3C800613480 /* BabySleepDiaryApp.swift */,
				90C7D92A2976E0F600A8955E /* Views */,
				90ED9CFC2976DE9F00E37742 /* Models */,
				90C0DB642903E3CA00613480 /* Assets.xcassets */,
				90C0DB662903E3CA00613480 /* BabySleepDiary.entitlements */,
				90C0DB672903E3CA00613480 /* Preview Content */,
			);
			path = BabySleepDiary;
			sourceTree = "<group>";
		};
		90C0DB672903E3CA00613480 /* Preview Content */ = {
			isa = PBXGroup;
			children = (
				90C0DB682903E3CA00613480 /* Preview Assets.xcassets */,
			);
			path = "Preview Content";
			sourceTree = "<group>";
		};
		90C7D92A2976E0F600A8955E /* Views */ = {
			isa = PBXGroup;
			children = (
				90C0DB622903E3C800613480 /* SleepsView.swift */,
				90C7D92B2976E12500A8955E /* SleepCardView.swift */,
				90C0AAA529856AC40051E680 /* SleepHeaderView.swift */,
				90C0AAA729856D130051E680 /* SleepFooterView.swift */,
				90772ADF29EECD9E00C9F5E5 /* NewSleepSheet.swift */,
				90C0AAA929857F010051E680 /* SleepDetailView.swift */,
				90C0AAAB29882D9E0051E680 /* SleepEditView.swift */,
				90684DE629C774CB00897AB8 /* ThemeView.swift */,
				90684DE829C8D05000897AB8 /* ThemePickerView.swift */,
			);
			path = Views;
			sourceTree = "<group>";
		};
		90ED9CFC2976DE9F00E37742 /* Models */ = {
			isa = PBXGroup;
			children = (
				90C7D9282976E0D700A8955E /* Theme.swift */,
				90ED9CFD2976DEBB00E37742 /* DailySleep.swift */,
				907C99792A0D385100EB07BC /* SleepStore.swift */,
			);
			path = Models;
			sourceTree = "<group>";
		};
/* End PBXGroup section */

/* Begin PBXNativeTarget section */
		90C0DB5C2903E3C800613480 /* BabySleepDiary */ = {
			isa = PBXNativeTarget;
			buildConfigurationList = 90C0DB6C2903E3CA00613480 /* Build configuration list for PBXNativeTarget "BabySleepDiary" */;
			buildPhases = (
				90C0DB592903E3C800613480 /* Sources */,
				90C0DB5A2903E3C800613480 /* Frameworks */,
				90C0DB5B2903E3C800613480 /* Resources */,
			);
			buildRules = (
			);
			dependencies = (
			);
			name = BabySleepDiary;
			productName = BabySleepDiary;
			productReference = 90C0DB5D2903E3C800613480 /* BabySleepDiary.app */;
			productType = "com.apple.product-type.application";
		};
/* End PBXNativeTarget section */

/* Begin PBXProject section */
		90C0DB552903E3C800613480 /* Project object */ = {
			isa = PBXProject;
			attributes = {
				BuildIndependentTargetsInParallel = 1;
				LastSwiftUpdateCheck = 1400;
				LastUpgradeCheck = 1420;
				TargetAttributes = {
					90C0DB5C2903E3C800613480 = {
						CreatedOnToolsVersion = 14.0.1;
					};
				};
			};
			buildConfigurationList = 90C0DB582903E3C800613480 /* Build configuration list for PBXProject "BabySleepDiary" */;
			compatibilityVersion = "Xcode 14.0";
			developmentRegion = en;
			hasScannedForEncodings = 0;
			knownRegions = (
				en,
				Base,
			);
			mainGroup = 90C0DB542903E3C800613480;
			productRefGroup = 90C0DB5E2903E3C800613480 /* Products */;
			projectDirPath = "";
			projectRoot = "";
			targets = (
				90C0DB5C2903E3C800613480 /* BabySleepDiary */,
			);
		};
/* End PBXProject section */

/* Begin PBXResourcesBuildPhase section */
		90C0DB5B2903E3C800613480 /* Resources */ = {
			isa = PBXResourcesBuildPhase;
			buildActionMask = 2147483647;
			files = (
				90C0DB692903E3CA00613480 /* Preview Assets.xcassets in Resources */,
				90C0DB652903E3CA00613480 /* Assets.xcassets in Resources */,
			);
			runOnlyForDeploymentPostprocessing = 0;
		};
/* End PBXResourcesBuildPhase section */

/* Begin PBXSourcesBuildPhase section */
		90C0DB592903E3C800613480 /* Sources */ = {
			isa = PBXSourcesBuildPhase;
			buildActionMask = 2147483647;
			files = (
				90ED9CFE2976DEBB00E37742 /* DailySleep.swift in Sources */,
				907C997A2A0D385200EB07BC /* SleepStore.swift in Sources */,
				90C7D92C2976E12500A8955E /* SleepCardView.swift in Sources */,
				90C7D9292976E0D700A8955E /* Theme.swift in Sources */,
				90C0DB632903E3C800613480 /* SleepsView.swift in Sources */,
				90C0DB612903E3C800613480 /* BabySleepDiaryApp.swift in Sources */,
				90684DE929C8D05000897AB8 /* ThemePickerView.swift in Sources */,
				90772AE029EECD9E00C9F5E5 /* NewSleepSheet.swift in Sources */,
				90C0AAA829856D130051E680 /* SleepFooterView.swift in Sources */,
				90C0AAA629856AC40051E680 /* SleepHeaderView.swift in Sources */,
				90C0AAAA29857F010051E680 /* SleepDetailView.swift in Sources */,
				90684DE729C774CB00897AB8 /* ThemeView.swift in Sources */,
				90C0AAAC29882D9E0051E680 /* SleepEditView.swift in Sources */,
			);
			runOnlyForDeploymentPostprocessing = 0;
		};
/* End PBXSourcesBuildPhase section */

/* Begin XCBuildConfiguration section */
		90C0DB6A2903E3CA00613480 /* Debug */ = {
			isa = XCBuildConfiguration;
			buildSettings = {
				ALWAYS_SEARCH_USER_PATHS = NO;
				CLANG_ANALYZER_NONNULL = YES;
				CLANG_ANALYZER_NUMBER_OBJECT_CONVERSION = YES_AGGRESSIVE;
				CLANG_CXX_LANGUAGE_STANDARD = "gnu++20";
				CLANG_ENABLE_MODULES = YES;
				CLANG_ENABLE_OBJC_ARC = YES;
				CLANG_ENABLE_OBJC_WEAK = YES;
				CLANG_WARN_BLOCK_CAPTURE_AUTORELEASING = YES;
				CLANG_WARN_BOOL_CONVERSION = YES;
				CLANG_WARN_COMMA = YES;
				CLANG_WARN_CONSTANT_CONVERSION = YES;
				CLANG_WARN_DEPRECATED_OBJC_IMPLEMENTATIONS = YES;
				CLANG_WARN_DIRECT_OBJC_ISA_USAGE = YES_ERROR;
				CLANG_WARN_DOCUMENTATION_COMMENTS = YES;
				CLANG_WARN_EMPTY_BODY = YES;
				CLANG_WARN_ENUM_CONVERSION = YES;
				CLANG_WARN_INFINITE_RECURSION = YES;
				CLANG_WARN_INT_CONVERSION = YES;
				CLANG_WARN_NON_LITERAL_NULL_CONVERSION = YES;
				CLANG_WARN_OBJC_IMPLICIT_RETAIN_SELF = YES;
				CLANG_WARN_OBJC_LITERAL_CONVERSION = YES;
				CLANG_WARN_OBJC_ROOT_CLASS = YES_ERROR;
				CLANG_WARN_QUOTED_INCLUDE_IN_FRAMEWORK_HEADER = YES;
				CLANG_WARN_RANGE_LOOP_ANALYSIS = YES;
				CLANG_WARN_STRICT_PROTOTYPES = YES;
				CLANG_WARN_SUSPICIOUS_MOVE = YES;
				CLANG_WARN_UNGUARDED_AVAILABILITY = YES_AGGRESSIVE;
				CLANG_WARN_UNREACHABLE_CODE = YES;
				CLANG_WARN__DUPLICATE_METHOD_MATCH = YES;
				COPY_PHASE_STRIP = NO;
				DEAD_CODE_STRIPPING = YES;
				DEBUG_INFORMATION_FORMAT = dwarf;
				ENABLE_STRICT_OBJC_MSGSEND = YES;
				ENABLE_TESTABILITY = YES;
				GCC_C_LANGUAGE_STANDARD = gnu11;
				GCC_DYNAMIC_NO_PIC = NO;
				GCC_NO_COMMON_BLOCKS = YES;
				GCC_OPTIMIZATION_LEVEL = 0;
				GCC_PREPROCESSOR_DEFINITIONS = (
					"DEBUG=1",
					"$(inherited)",
				);
				GCC_WARN_64_TO_32_BIT_CONVERSION = YES;
				GCC_WARN_ABOUT_RETURN_TYPE = YES_ERROR;
				GCC_WARN_UNDECLARED_SELECTOR = YES;
				GCC_WARN_UNINITIALIZED_AUTOS = YES_AGGRESSIVE;
				GCC_WARN_UNUSED_FUNCTION = YES;
				GCC_WARN_UNUSED_VARIABLE = YES;
				MTL_ENABLE_DEBUG_INFO = INCLUDE_SOURCE;
				MTL_FAST_MATH = YES;
				ONLY_ACTIVE_ARCH = YES;
				SWIFT_ACTIVE_COMPILATION_CONDITIONS = DEBUG;
				SWIFT_OPTIMIZATION_LEVEL = "-Onone";
			};
			name = Debug;
		};
		90C0DB6B2903E3CA00613480 /* Release */ = {
			isa = XCBuildConfiguration;
			buildSettings = {
				ALWAYS_SEARCH_USER_PATHS = NO;
				CLANG_ANALYZER_NONNULL = YES;
				CLANG_ANALYZER_NUMBER_OBJECT_CONVERSION = YES_AGGRESSIVE;
				CLANG_CXX_LANGUAGE_STANDARD = "gnu++20";
				CLANG_ENABLE_MODULES = YES;
				CLANG_ENABLE_OBJC_ARC = YES;
				CLANG_ENABLE_OBJC_WEAK = YES;
				CLANG_WARN_BLOCK_CAPTURE_AUTORELEASING = YES;
				CLANG_WARN_BOOL_CONVERSION = YES;
				CLANG_WARN_COMMA = YES;
				CLANG_WARN_CONSTANT_CONVERSION = YES;
				CLANG_WARN_DEPRECATED_OBJC_IMPLEMENTATIONS = YES;
				CLANG_WARN_DIRECT_OBJC_ISA_USAGE = YES_ERROR;
				CLANG_WARN_DOCUMENTATION_COMMENTS = YES;
				CLANG_WARN_EMPTY_BODY = YES;
				CLANG_WARN_ENUM_CONVERSION = YES;
				CLANG_WARN_INFINITE_RECURSION = YES;
				CLANG_WARN_INT_CONVERSION = YES;
				CLANG_WARN_NON_LITERAL_NULL_CONVERSION = YES;
				CLANG_WARN_OBJC_IMPLICIT_RETAIN_SELF = YES;
				CLANG_WARN_OBJC_LITERAL_CONVERSION = YES;
				CLANG_WARN_OBJC_ROOT_CLASS = YES_ERROR;
				CLANG_WARN_QUOTED_INCLUDE_IN_FRAMEWORK_HEADER = YES;
				CLANG_WARN_RANGE_LOOP_ANALYSIS = YES;
				CLANG_WARN_STRICT_PROTOTYPES = YES;
				CLANG_WARN_SUSPICIOUS_MOVE = YES;
				CLANG_WARN_UNGUARDED_AVAILABILITY = YES_AGGRESSIVE;
				CLANG_WARN_UNREACHABLE_CODE = YES;
				CLANG_WARN__DUPLICATE_METHOD_MATCH = YES;
				COPY_PHASE_STRIP = NO;
				DEAD_CODE_STRIPPING = YES;
				DEBUG_INFORMATION_FORMAT = "dwarf-with-dsym";
				ENABLE_NS_ASSERTIONS = NO;
				ENABLE_STRICT_OBJC_MSGSEND = YES;
				GCC_C_LANGUAGE_STANDARD = gnu11;
				GCC_NO_COMMON_BLOCKS = YES;
				GCC_WARN_64_TO_32_BIT_CONVERSION = YES;
				GCC_WARN_ABOUT_RETURN_TYPE = YES_ERROR;
				GCC_WARN_UNDECLARED_SELECTOR = YES;
				GCC_WARN_UNINITIALIZED_AUTOS = YES_AGGRESSIVE;
				GCC_WARN_UNUSED_FUNCTION = YES;
				GCC_WARN_UNUSED_VARIABLE = YES;
				MTL_ENABLE_DEBUG_INFO = NO;
				MTL_FAST_MATH = YES;
				SWIFT_COMPILATION_MODE = wholemodule;
				SWIFT_OPTIMIZATION_LEVEL = "-O";
			};
			name = Release;
		};
		90C0DB6D2903E3CA00613480 /* Debug */ = {
			isa = XCBuildConfiguration;
			buildSettings = {
				ASSETCATALOG_COMPILER_APPICON_NAME = AppIcon;
				ASSETCATALOG_COMPILER_GLOBAL_ACCENT_COLOR_NAME = AccentColor;
				CODE_SIGN_ENTITLEMENTS = BabySleepDiary/BabySleepDiary.entitlements;
				CODE_SIGN_IDENTITY = "-";
				CODE_SIGN_STYLE = Automatic;
				CURRENT_PROJECT_VERSION = 1;
				DEAD_CODE_STRIPPING = YES;
				DEVELOPMENT_ASSET_PATHS = "\"BabySleepDiary/Preview Content\"";
				ENABLE_PREVIEWS = YES;
				GENERATE_INFOPLIST_FILE = YES;
				"INFOPLIST_KEY_UIApplicationSceneManifest_Generation[sdk=iphoneos*]" = YES;
				"INFOPLIST_KEY_UIApplicationSceneManifest_Generation[sdk=iphonesimulator*]" = YES;
				"INFOPLIST_KEY_UIApplicationSupportsIndirectInputEvents[sdk=iphoneos*]" = YES;
				"INFOPLIST_KEY_UIApplicationSupportsIndirectInputEvents[sdk=iphonesimulator*]" = YES;
				"INFOPLIST_KEY_UILaunchScreen_Generation[sdk=iphoneos*]" = YES;
				"INFOPLIST_KEY_UILaunchScreen_Generation[sdk=iphonesimulator*]" = YES;
				"INFOPLIST_KEY_UIStatusBarStyle[sdk=iphoneos*]" = UIStatusBarStyleDefault;
				"INFOPLIST_KEY_UIStatusBarStyle[sdk=iphonesimulator*]" = UIStatusBarStyleDefault;
				INFOPLIST_KEY_UISupportedInterfaceOrientations_iPad = "UIInterfaceOrientationPortrait UIInterfaceOrientationPortraitUpsideDown UIInterfaceOrientationLandscapeLeft UIInterfaceOrientationLandscapeRight";
				INFOPLIST_KEY_UISupportedInterfaceOrientations_iPhone = "UIInterfaceOrientationPortrait UIInterfaceOrientationLandscapeLeft UIInterfaceOrientationLandscapeRight";
				IPHONEOS_DEPLOYMENT_TARGET = 16.0;
				LD_RUNPATH_SEARCH_PATHS = "@executable_path/Frameworks";
				"LD_RUNPATH_SEARCH_PATHS[sdk=macosx*]" = "@executable_path/../Frameworks";
				MACOSX_DEPLOYMENT_TARGET = 13.0;
				MARKETING_VERSION = 1.0;
				PRODUCT_BUNDLE_IDENTIFIER = com.FamilyStudio.BabySleepDiary;
				PRODUCT_NAME = "$(TARGET_NAME)";
				SDKROOT = auto;
				SUPPORTED_PLATFORMS = "iphoneos iphonesimulator macosx";
				SUPPORTS_MACCATALYST = NO;
				SUPPORTS_MAC_DESIGNED_FOR_IPHONE_IPAD = NO;
				SWIFT_EMIT_LOC_STRINGS = YES;
				SWIFT_VERSION = 5.0;
				TARGETED_DEVICE_FAMILY = "1,2";
			};
			name = Debug;
		};
		90C0DB6E2903E3CA00613480 /* Release */ = {
			isa = XCBuildConfiguration;
			buildSettings = {
				ASSETCATALOG_COMPILER_APPICON_NAME = AppIcon;
				ASSETCATALOG_COMPILER_GLOBAL_ACCENT_COLOR_NAME = AccentColor;
				CODE_SIGN_ENTITLEMENTS = BabySleepDiary/BabySleepDiary.entitlements;
				CODE_SIGN_IDENTITY = "-";
				CODE_SIGN_STYLE = Automatic;
				CURRENT_PROJECT_VERSION = 1;
				DEAD_CODE_STRIPPING = YES;
				DEVELOPMENT_ASSET_PATHS = "\"BabySleepDiary/Preview Content\"";
				ENABLE_PREVIEWS = YES;
				GENERATE_INFOPLIST_FILE = YES;
				"INFOPLIST_KEY_UIApplicationSceneManifest_Generation[sdk=iphoneos*]" = YES;
				"INFOPLIST_KEY_UIApplicationSceneManifest_Generation[sdk=iphonesimulator*]" = YES;
				"INFOPLIST_KEY_UIApplicationSupportsIndirectInputEvents[sdk=iphoneos*]" = YES;
				"INFOPLIST_KEY_UIApplicationSupportsIndirectInputEvents[sdk=iphonesimulator*]" = YES;
				"INFOPLIST_KEY_UILaunchScreen_Generation[sdk=iphoneos*]" = YES;
				"INFOPLIST_KEY_UILaunchScreen_Generation[sdk=iphonesimulator*]" = YES;
				"INFOPLIST_KEY_UIStatusBarStyle[sdk=iphoneos*]" = UIStatusBarStyleDefault;
				"INFOPLIST_KEY_UIStatusBarStyle[sdk=iphonesimulator*]" = UIStatusBarStyleDefault;
				INFOPLIST_KEY_UISupportedInterfaceOrientations_iPad = "UIInterfaceOrientationPortrait UIInterfaceOrientationPortraitUpsideDown UIInterfaceOrientationLandscapeLeft UIInterfaceOrientationLandscapeRight";
				INFOPLIST_KEY_UISupportedInterfaceOrientations_iPhone = "UIInterfaceOrientationPortrait UIInterfaceOrientationLandscapeLeft UIInterfaceOrientationLandscapeRight";
				IPHONEOS_DEPLOYMENT_TARGET = 16.0;
				LD_RUNPATH_SEARCH_PATHS = "@executable_path/Frameworks";
				"LD_RUNPATH_SEARCH_PATHS[sdk=macosx*]" = "@executable_path/../Frameworks";
				MACOSX_DEPLOYMENT_TARGET = 13.0;
				MARKETING_VERSION = 1.0;
				PRODUCT_BUNDLE_IDENTIFIER = com.FamilyStudio.BabySleepDiary;
				PRODUCT_NAME = "$(TARGET_NAME)";
				SDKROOT = auto;
				SUPPORTED_PLATFORMS = "iphoneos iphonesimulator macosx";
				SUPPORTS_MACCATALYST = NO;
				SUPPORTS_MAC_DESIGNED_FOR_IPHONE_IPAD = NO;
				SWIFT_EMIT_LOC_STRINGS = YES;
				SWIFT_VERSION = 5.0;
				TARGETED_DEVICE_FAMILY = "1,2";
			};
			name = Release;
		};
/* End XCBuildConfiguration section */

/* Begin XCConfigurationList section */
		90C0DB582903E3C800613480 /* Build configuration list for PBXProject "BabySleepDiary" */ = {
			isa = XCConfigurationList;
			buildConfigurations = (
				90C0DB6A2903E3CA00613480 /* Debug */,
				90C0DB6B2903E3CA00613480 /* Release */,
			);
			defaultConfigurationIsVisible = 0;
			defaultConfigurationName = Release;
		};
		90C0DB6C2903E3CA00613480 /* Build configuration list for PBXNativeTarget "BabySleepDiary" */ = {
			isa = XCConfigurationList;
			buildConfigurations = (
				90C0DB6D2903E3CA00613480 /* Debug */,
				90C0DB6E2903E3CA00613480 /* Release */,
			);
			defaultConfigurationIsVisible = 0;
			defaultConfigurationName = Release;
		};
/* End XCConfigurationList section */
	};
	rootObject = 90C0DB552903E3C800613480 /* Project object */;
}
